// !$*UTF8*$!
{
	archiveVersion = 1;
	classes = {
	};
	objectVersion = 56;
	objects = {

/* Begin PBXBuildFile section */
		130E3E622A2DC6DD0066D080 /* ImageViewController.swift in Sources */ = {isa = PBXBuildFile; fileRef = 130E3E612A2DC6DD0066D080 /* ImageViewController.swift */; };
		132E628C2A2868D200CC9D8A /* DataModel.swift in Sources */ = {isa = PBXBuildFile; fileRef = 132E628B2A2868D200CC9D8A /* DataModel.swift */; };
		135C7C9D2A29BFBB00F7C310 /* MainViewController.swift in Sources */ = {isa = PBXBuildFile; fileRef = 135C7C9C2A29BFBB00F7C310 /* MainViewController.swift */; };
		135C7CA12A29C2EE00F7C310 /* HomeViewController.swift in Sources */ = {isa = PBXBuildFile; fileRef = 135C7CA02A29C2EE00F7C310 /* HomeViewController.swift */; };
		1397F2E82A1B418000C53903 /* AppDelegate.swift in Sources */ = {isa = PBXBuildFile; fileRef = 1397F2E72A1B418000C53903 /* AppDelegate.swift */; };
		1397F2EA2A1B418000C53903 /* SceneDelegate.swift in Sources */ = {isa = PBXBuildFile; fileRef = 1397F2E92A1B418000C53903 /* SceneDelegate.swift */; };
		1397F2EC2A1B418000C53903 /* SideMenuViewController.swift in Sources */ = {isa = PBXBuildFile; fileRef = 1397F2EB2A1B418000C53903 /* SideMenuViewController.swift */; };
		1397F2EF2A1B418000C53903 /* Main.storyboard in Resources */ = {isa = PBXBuildFile; fileRef = 1397F2ED2A1B418000C53903 /* Main.storyboard */; };
		1397F2F12A1B418200C53903 /* Assets.xcassets in Resources */ = {isa = PBXBuildFile; fileRef = 1397F2F02A1B418200C53903 /* Assets.xcassets */; };
		1397F2F42A1B418200C53903 /* LaunchScreen.storyboard in Resources */ = {isa = PBXBuildFile; fileRef = 1397F2F22A1B418200C53903 /* LaunchScreen.storyboard */; };
		1397F2FC2A1B4A4B00C53903 /* ItemTableViewCell.swift in Sources */ = {isa = PBXBuildFile; fileRef = 1397F2FB2A1B4A4B00C53903 /* ItemTableViewCell.swift */; };
		430DC543C9372ACEBBF2AD7C /* Pods_LeftSideMenu.framework in Frameworks */ = {isa = PBXBuildFile; fileRef = 6428783376F78C1D34354D3A /* Pods_LeftSideMenu.framework */; };
/* End PBXBuildFile section */

/* Begin PBXFileReference section */
		130E3E612A2DC6DD0066D080 /* ImageViewController.swift */ = {isa = PBXFileReference; lastKnownFileType = sourcecode.swift; path = ImageViewController.swift; sourceTree = "<group>"; };
		132E628B2A2868D200CC9D8A /* DataModel.swift */ = {isa = PBXFileReference; lastKnownFileType = sourcecode.swift; path = DataModel.swift; sourceTree = "<group>"; };
		135C7C9C2A29BFBB00F7C310 /* MainViewController.swift */ = {isa = PBXFileReference; fileEncoding = 4; lastKnownFileType = sourcecode.swift; path = MainViewController.swift; sourceTree = "<group>"; };
		135C7CA02A29C2EE00F7C310 /* HomeViewController.swift */ = {isa = PBXFileReference; lastKnownFileType = sourcecode.swift; path = HomeViewController.swift; sourceTree = "<group>"; };
		1397F2E42A1B418000C53903 /* LeftSideMenu.app */ = {isa = PBXFileReference; explicitFileType = wrapper.application; includeInIndex = 0; path = LeftSideMenu.app; sourceTree = BUILT_PRODUCTS_DIR; };
		1397F2E72A1B418000C53903 /* AppDelegate.swift */ = {isa = PBXFileReference; lastKnownFileType = sourcecode.swift; path = AppDelegate.swift; sourceTree = "<group>"; };
		1397F2E92A1B418000C53903 /* SceneDelegate.swift */ = {isa = PBXFileReference; lastKnownFileType = sourcecode.swift; path = SceneDelegate.swift; sourceTree = "<group>"; };
		1397F2EB2A1B418000C53903 /* SideMenuViewController.swift */ = {isa = PBXFileReference; lastKnownFileType = sourcecode.swift; path = SideMenuViewController.swift; sourceTree = "<group>"; };
		1397F2EE2A1B418000C53903 /* Base */ = {isa = PBXFileReference; lastKnownFileType = file.storyboard; name = Base; path = Base.lproj/Main.storyboard; sourceTree = "<group>"; };
		1397F2F02A1B418200C53903 /* Assets.xcassets */ = {isa = PBXFileReference; lastKnownFileType = folder.assetcatalog; path = Assets.xcassets; sourceTree = "<group>"; };
		1397F2F32A1B418200C53903 /* Base */ = {isa = PBXFileReference; lastKnownFileType = file.storyboard; name = Base; path = Base.lproj/LaunchScreen.storyboard; sourceTree = "<group>"; };
		1397F2F52A1B418200C53903 /* Info.plist */ = {isa = PBXFileReference; lastKnownFileType = text.plist.xml; path = Info.plist; sourceTree = "<group>"; };
		1397F2FB2A1B4A4B00C53903 /* ItemTableViewCell.swift */ = {isa = PBXFileReference; lastKnownFileType = sourcecode.swift; path = ItemTableViewCell.swift; sourceTree = "<group>"; };
		4F3E063CA6855940469C1108 /* Pods-LeftSideMenu.release.xcconfig */ = {isa = PBXFileReference; includeInIndex = 1; lastKnownFileType = text.xcconfig; name = "Pods-LeftSideMenu.release.xcconfig"; path = "Target Support Files/Pods-LeftSideMenu/Pods-LeftSideMenu.release.xcconfig"; sourceTree = "<group>"; };
		6428783376F78C1D34354D3A /* Pods_LeftSideMenu.framework */ = {isa = PBXFileReference; explicitFileType = wrapper.framework; includeInIndex = 0; path = Pods_LeftSideMenu.framework; sourceTree = BUILT_PRODUCTS_DIR; };
		CB801EBAEDA0BDB28A7CEDF1 /* Pods-LeftSideMenu.debug.xcconfig */ = {isa = PBXFileReference; includeInIndex = 1; lastKnownFileType = text.xcconfig; name = "Pods-LeftSideMenu.debug.xcconfig"; path = "Target Support Files/Pods-LeftSideMenu/Pods-LeftSideMenu.debug.xcconfig"; sourceTree = "<group>"; };
/* End PBXFileReference section */

/* Begin PBXFrameworksBuildPhase section */
		1397F2E12A1B418000C53903 /* Frameworks */ = {
			isa = PBXFrameworksBuildPhase;
			buildActionMask = 2147483647;
			files = (
				430DC543C9372ACEBBF2AD7C /* Pods_LeftSideMenu.framework in Frameworks */,
			);
			runOnlyForDeploymentPostprocessing = 0;
		};
/* End PBXFrameworksBuildPhase section */

/* Begin PBXGroup section */
		132E62882A28689300CC9D8A /* View */ = {
			isa = PBXGroup;
			children = (
				1397F2FB2A1B4A4B00C53903 /* ItemTableViewCell.swift */,
			);
			path = View;
			sourceTree = "<group>";
		};
		132E62892A28689E00CC9D8A /* Controller */ = {
			isa = PBXGroup;
			children = (
				1397F2EB2A1B418000C53903 /* SideMenuViewController.swift */,
				135C7C9C2A29BFBB00F7C310 /* MainViewController.swift */,
				135C7CA02A29C2EE00F7C310 /* HomeViewController.swift */,
				130E3E612A2DC6DD0066D080 /* ImageViewController.swift */,
			);
			path = Controller;
			sourceTree = "<group>";
		};
		132E628A2A2868BA00CC9D8A /* Model */ = {
			isa = PBXGroup;
			children = (
				132E628B2A2868D200CC9D8A /* DataModel.swift */,
			);
			path = Model;
			sourceTree = "<group>";
		};
		1397F2DB2A1B418000C53903 = {
			isa = PBXGroup;
			children = (
				1397F2E62A1B418000C53903 /* LeftSideMenu */,
				1397F2E52A1B418000C53903 /* Products */,
				308580108AC1D14D02EA0219 /* Pods */,
				5211C29BA659FABB137DC9A2 /* Frameworks */,
			);
			sourceTree = "<group>";
		};
		1397F2E52A1B418000C53903 /* Products */ = {
			isa = PBXGroup;
			children = (
				1397F2E42A1B418000C53903 /* LeftSideMenu.app */,
			);
			name = Products;
			sourceTree = "<group>";
		};
		1397F2E62A1B418000C53903 /* LeftSideMenu */ = {
			isa = PBXGroup;
			children = (
				132E628A2A2868BA00CC9D8A /* Model */,
				1397F2E72A1B418000C53903 /* AppDelegate.swift */,
				1397F2E92A1B418000C53903 /* SceneDelegate.swift */,
				132E62892A28689E00CC9D8A /* Controller */,
				1397F2ED2A1B418000C53903 /* Main.storyboard */,
				1397F2F02A1B418200C53903 /* Assets.xcassets */,
				1397F2F22A1B418200C53903 /* LaunchScreen.storyboard */,
				1397F2F52A1B418200C53903 /* Info.plist */,
				132E62882A28689300CC9D8A /* View */,
			);
			path = LeftSideMenu;
			sourceTree = "<group>";
		};
		308580108AC1D14D02EA0219 /* Pods */ = {
			isa = PBXGroup;
			children = (
				CB801EBAEDA0BDB28A7CEDF1 /* Pods-LeftSideMenu.debug.xcconfig */,
				4F3E063CA6855940469C1108 /* Pods-LeftSideMenu.release.xcconfig */,
			);
			path = Pods;
			sourceTree = "<group>";
		};
		5211C29BA659FABB137DC9A2 /* Frameworks */ = {
			isa = PBXGroup;
			children = (
				6428783376F78C1D34354D3A /* Pods_LeftSideMenu.framework */,
			);
			name = Frameworks;
			sourceTree = "<group>";
		};
/* End PBXGroup section */

/* Begin PBXNativeTarget section */
		1397F2E32A1B418000C53903 /* LeftSideMenu */ = {
			isa = PBXNativeTarget;
			buildConfigurationList = 1397F2F82A1B418200C53903 /* Build configuration list for PBXNativeTarget "LeftSideMenu" */;
			buildPhases = (
				04E6EFFB478DC76A7E879256 /* [CP] Check Pods Manifest.lock */,
				1397F2E02A1B418000C53903 /* Sources */,
				1397F2E12A1B418000C53903 /* Frameworks */,
				1397F2E22A1B418000C53903 /* Resources */,
				6207D85273C9071C8917B077 /* [CP] Embed Pods Frameworks */,
			);
			buildRules = (
			);
			dependencies = (
			);
			name = LeftSideMenu;
			productName = LeftSideMenu;
			productReference = 1397F2E42A1B418000C53903 /* LeftSideMenu.app */;
			productType = "com.apple.product-type.application";
		};
/* End PBXNativeTarget section */

/* Begin PBXProject section */
		1397F2DC2A1B418000C53903 /* Project object */ = {
			isa = PBXProject;
			attributes = {
				BuildIndependentTargetsInParallel = 1;
				LastSwiftUpdateCheck = 1420;
				LastUpgradeCheck = 1420;
				TargetAttributes = {
					1397F2E32A1B418000C53903 = {
						CreatedOnToolsVersion = 14.2;
					};
				};
			};
			buildConfigurationList = 1397F2DF2A1B418000C53903 /* Build configuration list for PBXProject "LeftSideMenu" */;
			compatibilityVersion = "Xcode 14.0";
			developmentRegion = en;
			hasScannedForEncodings = 0;
			knownRegions = (
				en,
				Base,
			);
			mainGroup = 1397F2DB2A1B418000C53903;
			productRefGroup = 1397F2E52A1B418000C53903 /* Products */;
			projectDirPath = "";
			projectRoot = "";
			targets = (
				1397F2E32A1B418000C53903 /* LeftSideMenu */,
			);
		};
/* End PBXProject section */

/* Begin PBXResourcesBuildPhase section */
		1397F2E22A1B418000C53903 /* Resources */ = {
			isa = PBXResourcesBuildPhase;
			buildActionMask = 2147483647;
			files = (
				1397F2F42A1B418200C53903 /* LaunchScreen.storyboard in Resources */,
				1397F2F12A1B418200C53903 /* Assets.xcassets in Resources */,
				1397F2EF2A1B418000C53903 /* Main.storyboard in Resources */,
			);
			runOnlyForDeploymentPostprocessing = 0;
		};
/* End PBXResourcesBuildPhase section */

/* Begin PBXShellScriptBuildPhase section */
		04E6EFFB478DC76A7E879256 /* [CP] Check Pods Manifest.lock */ = {
			isa = PBXShellScriptBuildPhase;
			buildActionMask = 2147483647;
			files = (
			);
			inputFileListPaths = (
			);
			inputPaths = (
				"${PODS_PODFILE_DIR_PATH}/Podfile.lock",
				"${PODS_ROOT}/Manifest.lock",
			);
			name = "[CP] Check Pods Manifest.lock";
			outputFileListPaths = (
			);
			outputPaths = (
				"$(DERIVED_FILE_DIR)/Pods-LeftSideMenu-checkManifestLockResult.txt",
			);
			runOnlyForDeploymentPostprocessing = 0;
			shellPath = /bin/sh;
			shellScript = "diff \"${PODS_PODFILE_DIR_PATH}/Podfile.lock\" \"${PODS_ROOT}/Manifest.lock\" > /dev/null\nif [ $? != 0 ] ; then\n    # print error to STDERR\n    echo \"error: The sandbox is not in sync with the Podfile.lock. Run 'pod install' or update your CocoaPods installation.\" >&2\n    exit 1\nfi\n# This output is used by Xcode 'outputs' to avoid re-running this script phase.\necho \"SUCCESS\" > \"${SCRIPT_OUTPUT_FILE_0}\"\n";
			showEnvVarsInLog = 0;
		};
		6207D85273C9071C8917B077 /* [CP] Embed Pods Frameworks */ = {
			isa = PBXShellScriptBuildPhase;
			buildActionMask = 2147483647;
			files = (
			);
			inputFileListPaths = (
				"${PODS_ROOT}/Target Support Files/Pods-LeftSideMenu/Pods-LeftSideMenu-frameworks-${CONFIGURATION}-input-files.xcfilelist",
			);
			name = "[CP] Embed Pods Frameworks";
			outputFileListPaths = (
				"${PODS_ROOT}/Target Support Files/Pods-LeftSideMenu/Pods-LeftSideMenu-frameworks-${CONFIGURATION}-output-files.xcfilelist",
			);
			runOnlyForDeploymentPostprocessing = 0;
			shellPath = /bin/sh;
			shellScript = "\"${PODS_ROOT}/Target Support Files/Pods-LeftSideMenu/Pods-LeftSideMenu-frameworks.sh\"\n";
			showEnvVarsInLog = 0;
		};
/* End PBXShellScriptBuildPhase section */

/* Begin PBXSourcesBuildPhase section */
		1397F2E02A1B418000C53903 /* Sources */ = {
			isa = PBXSourcesBuildPhase;
			buildActionMask = 2147483647;
			files = (
				132E628C2A2868D200CC9D8A /* DataModel.swift in Sources */,
				1397F2FC2A1B4A4B00C53903 /* ItemTableViewCell.swift in Sources */,
				1397F2EC2A1B418000C53903 /* SideMenuViewController.swift in Sources */,
				135C7C9D2A29BFBB00F7C310 /* MainViewController.swift in Sources */,
				1397F2E82A1B418000C53903 /* AppDelegate.swift in Sources */,
				135C7CA12A29C2EE00F7C310 /* HomeViewController.swift in Sources */,
				130E3E622A2DC6DD0066D080 /* ImageViewController.swift in Sources */,
				1397F2EA2A1B418000C53903 /* SceneDelegate.swift in Sources */,
			);
			runOnlyForDeploymentPostprocessing = 0;
		};
/* End PBXSourcesBuildPhase section */

/* Begin PBXVariantGroup section */
		1397F2ED2A1B418000C53903 /* Main.storyboard */ = {
			isa = PBXVariantGroup;
			children = (
				1397F2EE2A1B418000C53903 /* Base */,
			);
			name = Main.storyboard;
			sourceTree = "<group>";
		};
		1397F2F22A1B418200C53903 /* LaunchScreen.storyboard */ = {
			isa = PBXVariantGroup;
			children = (
				1397F2F32A1B418200C53903 /* Base */,
			);
			name = LaunchScreen.storyboard;
			sourceTree = "<group>";
		};
/* End PBXVariantGroup section */

/* Begin XCBuildConfiguration section */
		1397F2F62A1B418200C53903 /* Debug */ = {
			isa = XCBuildConfiguration;
			buildSettings = {
				ALWAYS_SEARCH_USER_PATHS = NO;
				CLANG_ANALYZER_NONNULL = YES;
				CLANG_ANALYZER_NUMBER_OBJECT_CONVERSION = YES_AGGRESSIVE;
				CLANG_CXX_LANGUAGE_STANDARD = "gnu++20";
				CLANG_ENABLE_MODULES = YES;
				CLANG_ENABLE_OBJC_ARC = YES;
				CLANG_ENABLE_OBJC_WEAK = YES;
				CLANG_WARN_BLOCK_CAPTURE_AUTORELEASING = YES;
				CLANG_WARN_BOOL_CONVERSION = YES;
				CLANG_WARN_COMMA = YES;
				CLANG_WARN_CONSTANT_CONVERSION = YES;
				CLANG_WARN_DEPRECATED_OBJC_IMPLEMENTATIONS = YES;
				CLANG_WARN_DIRECT_OBJC_ISA_USAGE = YES_ERROR;
				CLANG_WARN_DOCUMENTATION_COMMENTS = YES;
				CLANG_WARN_EMPTY_BODY = YES;
				CLANG_WARN_ENUM_CONVERSION = YES;
				CLANG_WARN_INFINITE_RECURSION = YES;
				CLANG_WARN_INT_CONVERSION = YES;
				CLANG_WARN_NON_LITERAL_NULL_CONVERSION = YES;
				CLANG_WARN_OBJC_IMPLICIT_RETAIN_SELF = YES;
				CLANG_WARN_OBJC_LITERAL_CONVERSION = YES;
				CLANG_WARN_OBJC_ROOT_CLASS = YES_ERROR;
				CLANG_WARN_QUOTED_INCLUDE_IN_FRAMEWORK_HEADER = YES;
				CLANG_WARN_RANGE_LOOP_ANALYSIS = YES;
				CLANG_WARN_STRICT_PROTOTYPES = YES;
				CLANG_WARN_SUSPICIOUS_MOVE = YES;
				CLANG_WARN_UNGUARDED_AVAILABILITY = YES_AGGRESSIVE;
				CLANG_WARN_UNREACHABLE_CODE = YES;
				CLANG_WARN__DUPLICATE_METHOD_MATCH = YES;
				COPY_PHASE_STRIP = NO;
				DEBUG_INFORMATION_FORMAT = dwarf;
				ENABLE_STRICT_OBJC_MSGSEND = YES;
				ENABLE_TESTABILITY = YES;
				GCC_C_LANGUAGE_STANDARD = gnu11;
				GCC_DYNAMIC_NO_PIC = NO;
				GCC_NO_COMMON_BLOCKS = YES;
				GCC_OPTIMIZATION_LEVEL = 0;
				GCC_PREPROCESSOR_DEFINITIONS = (
					"DEBUG=1",
					"$(inherited)",
				);
				GCC_WARN_64_TO_32_BIT_CONVERSION = YES;
				GCC_WARN_ABOUT_RETURN_TYPE = YES_ERROR;
				GCC_WARN_UNDECLARED_SELECTOR = YES;
				GCC_WARN_UNINITIALIZED_AUTOS = YES_AGGRESSIVE;
				GCC_WARN_UNUSED_FUNCTION = YES;
				GCC_WARN_UNUSED_VARIABLE = YES;
				IPHONEOS_DEPLOYMENT_TARGET = 14.0;
				MTL_ENABLE_DEBUG_INFO = INCLUDE_SOURCE;
				MTL_FAST_MATH = YES;
				ONLY_ACTIVE_ARCH = YES;
				SDKROOT = iphoneos;
				SWIFT_ACTIVE_COMPILATION_CONDITIONS = DEBUG;
				SWIFT_OPTIMIZATION_LEVEL = "-Onone";
			};
			name = Debug;
		};
		1397F2F72A1B418200C53903 /* Release */ = {
			isa = XCBuildConfiguration;
			buildSettings = {
				ALWAYS_SEARCH_USER_PATHS = NO;
				CLANG_ANALYZER_NONNULL = YES;
				CLANG_ANALYZER_NUMBER_OBJECT_CONVERSION = YES_AGGRESSIVE;
				CLANG_CXX_LANGUAGE_STANDARD = "gnu++20";
				CLANG_ENABLE_MODULES = YES;
				CLANG_ENABLE_OBJC_ARC = YES;
				CLANG_ENABLE_OBJC_WEAK = YES;
				CLANG_WARN_BLOCK_CAPTURE_AUTORELEASING = YES;
				CLANG_WARN_BOOL_CONVERSION = YES;
				CLANG_WARN_COMMA = YES;
				CLANG_WARN_CONSTANT_CONVERSION = YES;
				CLANG_WARN_DEPRECATED_OBJC_IMPLEMENTATIONS = YES;
				CLANG_WARN_DIRECT_OBJC_ISA_USAGE = YES_ERROR;
				CLANG_WARN_DOCUMENTATION_COMMENTS = YES;
				CLANG_WARN_EMPTY_BODY = YES;
				CLANG_WARN_ENUM_CONVERSION = YES;
				CLANG_WARN_INFINITE_RECURSION = YES;
				CLANG_WARN_INT_CONVERSION = YES;
				CLANG_WARN_NON_LITERAL_NULL_CONVERSION = YES;
				CLANG_WARN_OBJC_IMPLICIT_RETAIN_SELF = YES;
				CLANG_WARN_OBJC_LITERAL_CONVERSION = YES;
				CLANG_WARN_OBJC_ROOT_CLASS = YES_ERROR;
				CLANG_WARN_QUOTED_INCLUDE_IN_FRAMEWORK_HEADER = YES;
				CLANG_WARN_RANGE_LOOP_ANALYSIS = YES;
				CLANG_WARN_STRICT_PROTOTYPES = YES;
				CLANG_WARN_SUSPICIOUS_MOVE = YES;
				CLANG_WARN_UNGUARDED_AVAILABILITY = YES_AGGRESSIVE;
				CLANG_WARN_UNREACHABLE_CODE = YES;
				CLANG_WARN__DUPLICATE_METHOD_MATCH = YES;
				COPY_PHASE_STRIP = NO;
				DEBUG_INFORMATION_FORMAT = "dwarf-with-dsym";
				ENABLE_NS_ASSERTIONS = NO;
				ENABLE_STRICT_OBJC_MSGSEND = YES;
				GCC_C_LANGUAGE_STANDARD = gnu11;
				GCC_NO_COMMON_BLOCKS = YES;
				GCC_WARN_64_TO_32_BIT_CONVERSION = YES;
				GCC_WARN_ABOUT_RETURN_TYPE = YES_ERROR;
				GCC_WARN_UNDECLARED_SELECTOR = YES;
				GCC_WARN_UNINITIALIZED_AUTOS = YES_AGGRESSIVE;
				GCC_WARN_UNUSED_FUNCTION = YES;
				GCC_WARN_UNUSED_VARIABLE = YES;
				IPHONEOS_DEPLOYMENT_TARGET = 14.0;
				MTL_ENABLE_DEBUG_INFO = NO;
				MTL_FAST_MATH = YES;
				SDKROOT = iphoneos;
				SWIFT_COMPILATION_MODE = wholemodule;
				SWIFT_OPTIMIZATION_LEVEL = "-O";
				VALIDATE_PRODUCT = YES;
			};
			name = Release;
		};
		1397F2F92A1B418200C53903 /* Debug */ = {
			isa = XCBuildConfiguration;
			baseConfigurationReference = CB801EBAEDA0BDB28A7CEDF1 /* Pods-LeftSideMenu.debug.xcconfig */;
			buildSettings = {
				ASSETCATALOG_COMPILER_APPICON_NAME = AppIcon;
				ASSETCATALOG_COMPILER_GLOBAL_ACCENT_COLOR_NAME = AccentColor;
				CODE_SIGN_STYLE = Automatic;
				CURRENT_PROJECT_VERSION = 1;
				DEVELOPMENT_TEAM = 3EGXVN72T4;
				GENERATE_INFOPLIST_FILE = YES;
				INFOPLIST_FILE = LeftSideMenu/Info.plist;
				INFOPLIST_KEY_UIApplicationSupportsIndirectInputEvents = YES;
				INFOPLIST_KEY_UILaunchStoryboardName = LaunchScreen;
				INFOPLIST_KEY_UIMainStoryboardFile = Main;
				INFOPLIST_KEY_UISupportedInterfaceOrientations = UIInterfaceOrientationPortrait;
				IPHONEOS_DEPLOYMENT_TARGET = 14.0;
				LD_RUNPATH_SEARCH_PATHS = (
					"$(inherited)",
					"@executable_path/Frameworks",
				);
				MARKETING_VERSION = 1.0;
				PRODUCT_BUNDLE_IDENTIFIER = com.iphtechnologies.LeftSideMenu;
				PRODUCT_NAME = "$(TARGET_NAME)";
				SWIFT_EMIT_LOC_STRINGS = YES;
				SWIFT_VERSION = 5.0;
				TARGETED_DEVICE_FAMILY = "1,2";
			};
			name = Debug;
		};
		1397F2FA2A1B418200C53903 /* Release */ = {
			isa = XCBuildConfiguration;
			baseConfigurationReference = 4F3E063CA6855940469C1108 /* Pods-LeftSideMenu.release.xcconfig */;
			buildSettings = {
				ASSETCATALOG_COMPILER_APPICON_NAME = AppIcon;
				ASSETCATALOG_COMPILER_GLOBAL_ACCENT_COLOR_NAME = AccentColor;
				CODE_SIGN_STYLE = Automatic;
				CURRENT_PROJECT_VERSION = 1;
				DEVELOPMENT_TEAM = 3EGXVN72T4;
				GENERATE_INFOPLIST_FILE = YES;
				INFOPLIST_FILE = LeftSideMenu/Info.plist;
				INFOPLIST_KEY_UIApplicationSupportsIndirectInputEvents = YES;
				INFOPLIST_KEY_UILaunchStoryboardName = LaunchScreen;
				INFOPLIST_KEY_UIMainStoryboardFile = Main;
				INFOPLIST_KEY_UISupportedInterfaceOrientations = UIInterfaceOrientationPortrait;
				IPHONEOS_DEPLOYMENT_TARGET = 14.0;
				LD_RUNPATH_SEARCH_PATHS = (
					"$(inherited)",
					"@executable_path/Frameworks",
				);
				MARKETING_VERSION = 1.0;
				PRODUCT_BUNDLE_IDENTIFIER = com.iphtechnologies.LeftSideMenu;
				PRODUCT_NAME = "$(TARGET_NAME)";
				SWIFT_EMIT_LOC_STRINGS = YES;
				SWIFT_VERSION = 5.0;
				TARGETED_DEVICE_FAMILY = "1,2";
			};
			name = Release;
		};
/* End XCBuildConfiguration section */

/* Begin XCConfigurationList section */
		1397F2DF2A1B418000C53903 /* Build configuration list for PBXProject "LeftSideMenu" */ = {
			isa = XCConfigurationList;
			buildConfigurations = (
				1397F2F62A1B418200C53903 /* Debug */,
				1397F2F72A1B418200C53903 /* Release */,
			);
			defaultConfigurationIsVisible = 0;
			defaultConfigurationName = Release;
		};
		1397F2F82A1B418200C53903 /* Build configuration list for PBXNativeTarget "LeftSideMenu" */ = {
			isa = XCConfigurationList;
			buildConfigurations = (
				1397F2F92A1B418200C53903 /* Debug */,
				1397F2FA2A1B418200C53903 /* Release */,
			);
			defaultConfigurationIsVisible = 0;
			defaultConfigurationName = Release;
		};
/* End XCConfigurationList section */
	};
	rootObject = 1397F2DC2A1B418000C53903 /* Project object */;
}
